
Microsoft Visual Studio Solution File, Format Version 12.00
Project("{FAE04EC0-301F-11D3-BF4B-00C04F79EFBC}") = "RakDotNet", "RakDotNet\RakDotNet.csproj", "{3EE61CCD-0598-4870-965C-8CE802C131A8}"
EndProject
Global
	GlobalSection(SolutionConfigurationPlatforms) = preSolution
		Debug|Any CPU = Debug|Any CPU
		Release|Any CPU = Release|Any CPU
	EndGlobalSection
	GlobalSection(ProjectConfigurationPlatforms) = postSolution
		{3EE61CCD-0598-4870-965C-8CE802C131A8}.Debug|Any CPU.ActiveCfg = Debug|Any CPU
		{3EE61CCD-0598-4870-965C-8CE802C131A8}.Debug|Any CPU.Build.0 = Debug|Any CPU
		{3EE61CCD-0598-4870-965C-8CE802C131A8}.Release|Any CPU.ActiveCfg = Release|Any CPU
		{3EE61CCD-0598-4870-965C-8CE802C131A8}.Release|Any CPU.Build.0 = Release|Any CPU
	EndGlobalSection
EndGlobal
