
Microsoft Visual Studio Solution File, Format Version 12.00
Project("{FAE04EC0-301F-11D3-BF4B-00C04F79EFBC}") = "RakDotNet", "RakDotNet\RakDotNet.csproj", "{F6867843-0611-40EF-86C2-9E1D698E87F0}"
EndProject
Project("{FAE04EC0-301F-11D3-BF4B-00C04F79EFBC}") = "RakDotNet.ConsoleTest", "RakDotNet.ConsoleTest\RakDotNet.ConsoleTest.csproj", "{22CC3B08-7ED5-4A68-8B64-2521166B0643}"
EndProject
Project("{FAE04EC0-301F-11D3-BF4B-00C04F79EFBC}") = "RakDotNet.Tests", "RakDotNet.Tests\RakDotNet.Tests.csproj", "{F1BF7814-1614-4767-92ED-E12FD54998F5}"
EndProject
Global
	GlobalSection(SolutionConfigurationPlatforms) = preSolution
		Debug|Any CPU = Debug|Any CPU
		Release|Any CPU = Release|Any CPU
	EndGlobalSection
	GlobalSection(ProjectConfigurationPlatforms) = postSolution
		{F6867843-0611-40EF-86C2-9E1D698E87F0}.Debug|Any CPU.ActiveCfg = Debug|Any CPU
		{F6867843-0611-40EF-86C2-9E1D698E87F0}.Debug|Any CPU.Build.0 = Debug|Any CPU
		{F6867843-0611-40EF-86C2-9E1D698E87F0}.Release|Any CPU.ActiveCfg = Release|Any CPU
		{F6867843-0611-40EF-86C2-9E1D698E87F0}.Release|Any CPU.Build.0 = Release|Any CPU
		{22CC3B08-7ED5-4A68-8B64-2521166B0643}.Debug|Any CPU.ActiveCfg = Debug|Any CPU
		{22CC3B08-7ED5-4A68-8B64-2521166B0643}.Debug|Any CPU.Build.0 = Debug|Any CPU
		{22CC3B08-7ED5-4A68-8B64-2521166B0643}.Release|Any CPU.ActiveCfg = Release|Any CPU
		{22CC3B08-7ED5-4A68-8B64-2521166B0643}.Release|Any CPU.Build.0 = Release|Any CPU
		{F1BF7814-1614-4767-92ED-E12FD54998F5}.Debug|Any CPU.ActiveCfg = Debug|Any CPU
		{F1BF7814-1614-4767-92ED-E12FD54998F5}.Debug|Any CPU.Build.0 = Debug|Any CPU
		{F1BF7814-1614-4767-92ED-E12FD54998F5}.Release|Any CPU.ActiveCfg = Release|Any CPU
		{F1BF7814-1614-4767-92ED-E12FD54998F5}.Release|Any CPU.Build.0 = Release|Any CPU
	EndGlobalSection
EndGlobal
